
Microsoft Visual Studio Solution File, Format Version 12.00
Project("{FAE04EC0-301F-11D3-BF4B-00C04F79EFBC}") = "asp.net-chat", "asp.net-chat.csproj", "{6A710E33-66C7-4CB3-AA8E-57D320A3295C}"
EndProject
Global
	GlobalSection(SolutionConfigurationPlatforms) = preSolution
		Debug|Any CPU = Debug|Any CPU
		Release|Any CPU = Release|Any CPU
	EndGlobalSection
	GlobalSection(ProjectConfigurationPlatforms) = postSolution
		{6A710E33-66C7-4CB3-AA8E-57D320A3295C}.Debug|Any CPU.ActiveCfg = Debug|Any CPU
		{6A710E33-66C7-4CB3-AA8E-57D320A3295C}.Debug|Any CPU.Build.0 = Debug|Any CPU
		{6A710E33-66C7-4CB3-AA8E-57D320A3295C}.Release|Any CPU.ActiveCfg = Release|Any CPU
		{6A710E33-66C7-4CB3-AA8E-57D320A3295C}.Release|Any CPU.Build.0 = Release|Any CPU
	EndGlobalSection
EndGlobal
